
Microsoft Visual Studio Solution File, Format Version 12.00
# Visual Studio 14
VisualStudioVersion = 14.0.23107.0
MinimumVisualStudioVersion = 10.0.40219.1
Project("{FAE04EC0-301F-11D3-BF4B-00C04F79EFBC}") = "WebFromScratch", "WebFromScratch\WebFromScratch.csproj", "{335BF151-B3B5-4356-95D1-F8FD1DC4A3CF}"
EndProject
Project("{2150E333-8FDC-42A3-9474-1A3956D46DE8}") = "Solution Items", "Solution Items", "{8383AFE7-4910-4191-979C-EDCCEB590946}"
	ProjectSection(SolutionItems) = preProject
		packages.config.readme.txt = packages.config.readme.txt
	EndProjectSection
EndProject
Project("{FAE04EC0-301F-11D3-BF4B-00C04F79EFBC}") = "GlobalMvcHelpers", "GlobalMvcHelpers\GlobalMvcHelpers.csproj", "{0A297901-6C47-4088-BC4B-8D2D8027C606}"
EndProject
Global
	GlobalSection(SolutionConfigurationPlatforms) = preSolution
		Debug|Any CPU = Debug|Any CPU
		Release|Any CPU = Release|Any CPU
	EndGlobalSection
	GlobalSection(ProjectConfigurationPlatforms) = postSolution
		{335BF151-B3B5-4356-95D1-F8FD1DC4A3CF}.Debug|Any CPU.ActiveCfg = Debug|Any CPU
		{335BF151-B3B5-4356-95D1-F8FD1DC4A3CF}.Debug|Any CPU.Build.0 = Debug|Any CPU
		{335BF151-B3B5-4356-95D1-F8FD1DC4A3CF}.Release|Any CPU.ActiveCfg = Release|Any CPU
		{335BF151-B3B5-4356-95D1-F8FD1DC4A3CF}.Release|Any CPU.Build.0 = Release|Any CPU
		{0A297901-6C47-4088-BC4B-8D2D8027C606}.Debug|Any CPU.ActiveCfg = Debug|Any CPU
		{0A297901-6C47-4088-BC4B-8D2D8027C606}.Debug|Any CPU.Build.0 = Debug|Any CPU
		{0A297901-6C47-4088-BC4B-8D2D8027C606}.Release|Any CPU.ActiveCfg = Release|Any CPU
		{0A297901-6C47-4088-BC4B-8D2D8027C606}.Release|Any CPU.Build.0 = Release|Any CPU
	EndGlobalSection
	GlobalSection(SolutionProperties) = preSolution
		HideSolutionNode = FALSE
	EndGlobalSection
EndGlobal
