
Microsoft Visual Studio Solution File, Format Version 12.00
# Visual Studio 14
VisualStudioVersion = 14.0.24720.0
MinimumVisualStudioVersion = 10.0.40219.1
Project("{FAE04EC0-301F-11D3-BF4B-00C04F79EFBC}") = "WebFromScratch", "WebFromScratch\WebFromScratch.csproj", "{335BF151-B3B5-4356-95D1-F8FD1DC4A3CF}"
EndProject
Project("{2150E333-8FDC-42A3-9474-1A3956D46DE8}") = "Solution Items", "Solution Items", "{8383AFE7-4910-4191-979C-EDCCEB590946}"
	ProjectSection(SolutionItems) = preProject
		packages.config.readme.txt = packages.config.readme.txt
	EndProjectSection
EndProject
Project("{FAE04EC0-301F-11D3-BF4B-00C04F79EFBC}") = "GlobalMvcHelpers", "GlobalMvcHelpers\GlobalMvcHelpers.csproj", "{0A297901-6C47-4088-BC4B-8D2D8027C606}"
EndProject
Project("{2150E333-8FDC-42A3-9474-1A3956D46DE8}") = "MachineKey", "MachineKey", "{233D9E2B-9626-47F0-9CF6-1044C354935F}"
EndProject
Project("{F5034706-568F-408A-B7B3-4D38C6DB8A32}") = "MachineKeyGenerator", "MachineKeyGenerator\MachineKeyGenerator.pssproj", "{6CAFC0C6-A428-4D30-A9F9-700E829FEA51}"
EndProject
Project("{FAE04EC0-301F-11D3-BF4B-00C04F79EFBC}") = "WebFromScratch.Services", "WebFromScratch.Services\WebFromScratch.Services.csproj", "{2E9ABBFA-D528-4D45-8B5A-84A7C1AAE8C6}"
EndProject
Project("{FAE04EC0-301F-11D3-BF4B-00C04F79EFBC}") = "WebFromScratch.Infrastructure", "WebFromScratch.Infrastructure\WebFromScratch.Infrastructure.csproj", "{35950486-0C41-4FDE-AB3F-C179E827CCD2}"
EndProject
Project("{FAE04EC0-301F-11D3-BF4B-00C04F79EFBC}") = "WebFromScratch.Resources", "WebFromScratch.Resources\WebFromScratch.Resources.csproj", "{678F4E77-2037-4448-BF1E-FAEFBF97A76E}"
EndProject
Global
	GlobalSection(SolutionConfigurationPlatforms) = preSolution
		Debug|Any CPU = Debug|Any CPU
		Release|Any CPU = Release|Any CPU
	EndGlobalSection
	GlobalSection(ProjectConfigurationPlatforms) = postSolution
		{335BF151-B3B5-4356-95D1-F8FD1DC4A3CF}.Debug|Any CPU.ActiveCfg = Debug|Any CPU
		{335BF151-B3B5-4356-95D1-F8FD1DC4A3CF}.Debug|Any CPU.Build.0 = Debug|Any CPU
		{335BF151-B3B5-4356-95D1-F8FD1DC4A3CF}.Release|Any CPU.ActiveCfg = Release|Any CPU
		{335BF151-B3B5-4356-95D1-F8FD1DC4A3CF}.Release|Any CPU.Build.0 = Release|Any CPU
		{0A297901-6C47-4088-BC4B-8D2D8027C606}.Debug|Any CPU.ActiveCfg = Debug|Any CPU
		{0A297901-6C47-4088-BC4B-8D2D8027C606}.Debug|Any CPU.Build.0 = Debug|Any CPU
		{0A297901-6C47-4088-BC4B-8D2D8027C606}.Release|Any CPU.ActiveCfg = Release|Any CPU
		{0A297901-6C47-4088-BC4B-8D2D8027C606}.Release|Any CPU.Build.0 = Release|Any CPU
		{6CAFC0C6-A428-4D30-A9F9-700E829FEA51}.Debug|Any CPU.ActiveCfg = Debug|Any CPU
		{6CAFC0C6-A428-4D30-A9F9-700E829FEA51}.Debug|Any CPU.Build.0 = Debug|Any CPU
		{6CAFC0C6-A428-4D30-A9F9-700E829FEA51}.Release|Any CPU.ActiveCfg = Release|Any CPU
		{6CAFC0C6-A428-4D30-A9F9-700E829FEA51}.Release|Any CPU.Build.0 = Release|Any CPU
		{2E9ABBFA-D528-4D45-8B5A-84A7C1AAE8C6}.Debug|Any CPU.ActiveCfg = Debug|Any CPU
		{2E9ABBFA-D528-4D45-8B5A-84A7C1AAE8C6}.Debug|Any CPU.Build.0 = Debug|Any CPU
		{2E9ABBFA-D528-4D45-8B5A-84A7C1AAE8C6}.Release|Any CPU.ActiveCfg = Release|Any CPU
		{2E9ABBFA-D528-4D45-8B5A-84A7C1AAE8C6}.Release|Any CPU.Build.0 = Release|Any CPU
		{35950486-0C41-4FDE-AB3F-C179E827CCD2}.Debug|Any CPU.ActiveCfg = Debug|Any CPU
		{35950486-0C41-4FDE-AB3F-C179E827CCD2}.Debug|Any CPU.Build.0 = Debug|Any CPU
		{35950486-0C41-4FDE-AB3F-C179E827CCD2}.Release|Any CPU.ActiveCfg = Release|Any CPU
		{35950486-0C41-4FDE-AB3F-C179E827CCD2}.Release|Any CPU.Build.0 = Release|Any CPU
		{678F4E77-2037-4448-BF1E-FAEFBF97A76E}.Debug|Any CPU.ActiveCfg = Debug|Any CPU
		{678F4E77-2037-4448-BF1E-FAEFBF97A76E}.Debug|Any CPU.Build.0 = Debug|Any CPU
		{678F4E77-2037-4448-BF1E-FAEFBF97A76E}.Release|Any CPU.ActiveCfg = Release|Any CPU
		{678F4E77-2037-4448-BF1E-FAEFBF97A76E}.Release|Any CPU.Build.0 = Release|Any CPU
	EndGlobalSection
	GlobalSection(SolutionProperties) = preSolution
		HideSolutionNode = FALSE
	EndGlobalSection
	GlobalSection(NestedProjects) = preSolution
		{233D9E2B-9626-47F0-9CF6-1044C354935F} = {8383AFE7-4910-4191-979C-EDCCEB590946}
		{6CAFC0C6-A428-4D30-A9F9-700E829FEA51} = {233D9E2B-9626-47F0-9CF6-1044C354935F}
	EndGlobalSection
EndGlobal
